<Solution>
  <Folder Name="/.claude/">
    <File Path=".claude/CLAUDE.md" />
  </Folder>
  <Folder Name="/.cursor/" />
  <Folder Name="/.cursor/rules/">
    <File Path=".cursor/rules/project-context.mdc" />
  </Folder>
  <Folder Name="/.github/">
    <File Path=".github/copilot-instructions.md" />
  </Folder>
  <Folder Name="/Backend/" />
  <Folder Name="/doc/">
    <File Path="doc/01-slownik-jezyka-wszechobecnego.md" />
    <File Path="doc/02-uzytkownicy-role-uprawnienia.md" />
    <File Path="doc/03-backlog-user-stories.md" />
    <File Path="doc/CRM.md" />
    <File Path="doc/README.md" />
  </Folder>
  <Folder Name="/Frontend/" />
</Solution>

